
Microsoft Visual Studio Solution File, Format Version 12.00
# Visual Studio Version 17
VisualStudioVersion = 17.14.36518.9 d17.14
MinimumVisualStudioVersion = 10.0.40219.1
Project("{FAE04EC0-301F-11D3-BF4B-00C04F79EFBC}") = "MonSiteMvc", "MonSiteMvc.csproj", "{329F60CD-3A0C-4102-84AC-AA517A512865}"
EndProject
Global
	GlobalSection(SolutionConfigurationPlatforms) = preSolution
		Debug|Any CPU = Debug|Any CPU
		Release|Any CPU = Release|Any CPU
	EndGlobalSection
	GlobalSection(ProjectConfigurationPlatforms) = postSolution
		{329F60CD-3A0C-4102-84AC-AA517A512865}.Debug|Any CPU.ActiveCfg = Debug|Any CPU
		{329F60CD-3A0C-4102-84AC-AA517A512865}.Debug|Any CPU.Build.0 = Debug|Any CPU
		{329F60CD-3A0C-4102-84AC-AA517A512865}.Release|Any CPU.ActiveCfg = Release|Any CPU
		{329F60CD-3A0C-4102-84AC-AA517A512865}.Release|Any CPU.Build.0 = Release|Any CPU
	EndGlobalSection
	GlobalSection(SolutionProperties) = preSolution
		HideSolutionNode = FALSE
	EndGlobalSection
	GlobalSection(ExtensibilityGlobals) = postSolution
		SolutionGuid = {F752201E-3C10-4500-8CF0-23DA054AB5D4}
	EndGlobalSection
EndGlobal
